
Microsoft Visual Studio Solution File, Format Version 12.00
# Visual Studio Version 17
VisualStudioVersion = 17.14.36518.9 d17.14
MinimumVisualStudioVersion = 10.0.40219.1
Project("{FAE04EC0-301F-11D3-BF4B-00C04F79EFBC}") = "F25W5IntroToWpf", "F25W5IntroToWpf\F25W5IntroToWpf.csproj", "{7E504106-4916-4CF6-9A81-8EF745B8B736}"
EndProject
Global
	GlobalSection(SolutionConfigurationPlatforms) = preSolution
		Debug|Any CPU = Debug|Any CPU
		Release|Any CPU = Release|Any CPU
	EndGlobalSection
	GlobalSection(ProjectConfigurationPlatforms) = postSolution
		{7E504106-4916-4CF6-9A81-8EF745B8B736}.Debug|Any CPU.ActiveCfg = Debug|Any CPU
		{7E504106-4916-4CF6-9A81-8EF745B8B736}.Debug|Any CPU.Build.0 = Debug|Any CPU
		{7E504106-4916-4CF6-9A81-8EF745B8B736}.Release|Any CPU.ActiveCfg = Release|Any CPU
		{7E504106-4916-4CF6-9A81-8EF745B8B736}.Release|Any CPU.Build.0 = Release|Any CPU
	EndGlobalSection
	GlobalSection(SolutionProperties) = preSolution
		HideSolutionNode = FALSE
	EndGlobalSection
	GlobalSection(ExtensibilityGlobals) = postSolution
		SolutionGuid = {464CD1E0-5E5A-407C-BF1A-CB1733AFA53E}
	EndGlobalSection
EndGlobal
